// !$*UTF8*$!
{
	archiveVersion = 1;
	classes = {
	};
	objectVersion = 46;
	objects = {

/* Begin PBXBuildFile section */
		6E37869218F971E40034F9DE /* Foundation.framework in Frameworks */ = {isa = PBXBuildFile; fileRef = 6E37869118F971E40034F9DE /* Foundation.framework */; };
		6E37869418F971E40034F9DE /* CoreGraphics.framework in Frameworks */ = {isa = PBXBuildFile; fileRef = 6E37869318F971E40034F9DE /* CoreGraphics.framework */; };
		6E37869618F971E40034F9DE /* UIKit.framework in Frameworks */ = {isa = PBXBuildFile; fileRef = 6E37869518F971E40034F9DE /* UIKit.framework */; };
		6E37869C18F971E40034F9DE /* InfoPlist.strings in Resources */ = {isa = PBXBuildFile; fileRef = 6E37869A18F971E40034F9DE /* InfoPlist.strings */; };
		6E37869E18F971E40034F9DE /* main.m in Sources */ = {isa = PBXBuildFile; fileRef = 6E37869D18F971E40034F9DE /* main.m */; };
		6E3786A218F971E40034F9DE /* AppDelegate.m in Sources */ = {isa = PBXBuildFile; fileRef = 6E3786A118F971E40034F9DE /* AppDelegate.m */; };
		6E3786A418F971E40034F9DE /* Images.xcassets in Resources */ = {isa = PBXBuildFile; fileRef = 6E3786A318F971E40034F9DE /* Images.xcassets */; };
		6E3786AB18F971E50034F9DE /* XCTest.framework in Frameworks */ = {isa = PBXBuildFile; fileRef = 6E3786AA18F971E50034F9DE /* XCTest.framework */; };
		6E3786AC18F971E50034F9DE /* Foundation.framework in Frameworks */ = {isa = PBXBuildFile; fileRef = 6E37869118F971E40034F9DE /* Foundation.framework */; };
		6E3786AD18F971E50034F9DE /* UIKit.framework in Frameworks */ = {isa = PBXBuildFile; fileRef = 6E37869518F971E40034F9DE /* UIKit.framework */; };
		6E3786B518F971E50034F9DE /* InfoPlist.strings in Resources */ = {isa = PBXBuildFile; fileRef = 6E3786B318F971E50034F9DE /* InfoPlist.strings */; };
		6E3786B718F971E50034F9DE /* BeaconPeripheralTests.m in Sources */ = {isa = PBXBuildFile; fileRef = 6E3786B618F971E50034F9DE /* BeaconPeripheralTests.m */; };
		6E3786C318F9724F0034F9DE /* ViewController.m in Sources */ = {isa = PBXBuildFile; fileRef = 6E3786C118F9724F0034F9DE /* ViewController.m */; };
		6E3786C418F9724F0034F9DE /* ViewController.xib in Resources */ = {isa = PBXBuildFile; fileRef = 6E3786C218F9724F0034F9DE /* ViewController.xib */; };
		6E3786C618F972740034F9DE /* CoreLocation.framework in Frameworks */ = {isa = PBXBuildFile; fileRef = 6E3786C518F972740034F9DE /* CoreLocation.framework */; };
		6E3786C818F9727D0034F9DE /* CoreBluetooth.framework in Frameworks */ = {isa = PBXBuildFile; fileRef = 6E3786C718F9727D0034F9DE /* CoreBluetooth.framework */; };
		6EAA51A71A235C2E00028B09 /* Icon-40.png in Resources */ = {isa = PBXBuildFile; fileRef = 6EAA519E1A235C2E00028B09 /* Icon-40.png */; };
		6EAA51A81A235C2E00028B09 /* Icon-40@2x.png in Resources */ = {isa = PBXBuildFile; fileRef = 6EAA519F1A235C2E00028B09 /* Icon-40@2x.png */; };
		6EAA51A91A235C2E00028B09 /* Icon-60@2x.png in Resources */ = {isa = PBXBuildFile; fileRef = 6EAA51A01A235C2E00028B09 /* Icon-60@2x.png */; };
		6EAA51AA1A235C2E00028B09 /* Icon-60@3x.png in Resources */ = {isa = PBXBuildFile; fileRef = 6EAA51A11A235C2E00028B09 /* Icon-60@3x.png */; };
		6EAA51AB1A235C2E00028B09 /* Icon-76.png in Resources */ = {isa = PBXBuildFile; fileRef = 6EAA51A21A235C2E00028B09 /* Icon-76.png */; };
		6EAA51AC1A235C2E00028B09 /* Icon-76@2x.png in Resources */ = {isa = PBXBuildFile; fileRef = 6EAA51A31A235C2E00028B09 /* Icon-76@2x.png */; };
		6EAA51AD1A235C2E00028B09 /* Icon-Small.png in Resources */ = {isa = PBXBuildFile; fileRef = 6EAA51A41A235C2E00028B09 /* Icon-Small.png */; };
		6EAA51AE1A235C2E00028B09 /* Icon-Small@2x.png in Resources */ = {isa = PBXBuildFile; fileRef = 6EAA51A51A235C2E00028B09 /* Icon-Small@2x.png */; };
		6EAA51AF1A235C2E00028B09 /* Icon-Small@3x.png in Resources */ = {isa = PBXBuildFile; fileRef = 6EAA51A61A235C2E00028B09 /* Icon-Small@3x.png */; };
/* End PBXBuildFile section */

/* Begin PBXContainerItemProxy section */
		6E3786AE18F971E50034F9DE /* PBXContainerItemProxy */ = {
			isa = PBXContainerItemProxy;
			containerPortal = 6E37868618F971E40034F9DE /* Project object */;
			proxyType = 1;
			remoteGlobalIDString = 6E37868D18F971E40034F9DE;
			remoteInfo = BeaconPeripheral;
		};
/* End PBXContainerItemProxy section */

/* Begin PBXFileReference section */
		6E37868E18F971E40034F9DE /* iBeaconSamplePeripheral.app */ = {isa = PBXFileReference; explicitFileType = wrapper.application; includeInIndex = 0; path = iBeaconSamplePeripheral.app; sourceTree = BUILT_PRODUCTS_DIR; };
		6E37869118F971E40034F9DE /* Foundation.framework */ = {isa = PBXFileReference; lastKnownFileType = wrapper.framework; name = Foundation.framework; path = System/Library/Frameworks/Foundation.framework; sourceTree = SDKROOT; };
		6E37869318F971E40034F9DE /* CoreGraphics.framework */ = {isa = PBXFileReference; lastKnownFileType = wrapper.framework; name = CoreGraphics.framework; path = System/Library/Frameworks/CoreGraphics.framework; sourceTree = SDKROOT; };
		6E37869518F971E40034F9DE /* UIKit.framework */ = {isa = PBXFileReference; lastKnownFileType = wrapper.framework; name = UIKit.framework; path = System/Library/Frameworks/UIKit.framework; sourceTree = SDKROOT; };
		6E37869918F971E40034F9DE /* iBeaconSamplePeripheral-Info.plist */ = {isa = PBXFileReference; lastKnownFileType = text.plist.xml; path = "iBeaconSamplePeripheral-Info.plist"; sourceTree = "<group>"; };
		6E37869B18F971E40034F9DE /* en */ = {isa = PBXFileReference; lastKnownFileType = text.plist.strings; name = en; path = en.lproj/InfoPlist.strings; sourceTree = "<group>"; };
		6E37869D18F971E40034F9DE /* main.m */ = {isa = PBXFileReference; lastKnownFileType = sourcecode.c.objc; path = main.m; sourceTree = "<group>"; };
		6E37869F18F971E40034F9DE /* iBeaconSamplePeripheral-Prefix.pch */ = {isa = PBXFileReference; lastKnownFileType = sourcecode.c.h; path = "iBeaconSamplePeripheral-Prefix.pch"; sourceTree = "<group>"; };
		6E3786A018F971E40034F9DE /* AppDelegate.h */ = {isa = PBXFileReference; lastKnownFileType = sourcecode.c.h; path = AppDelegate.h; sourceTree = "<group>"; };
		6E3786A118F971E40034F9DE /* AppDelegate.m */ = {isa = PBXFileReference; lastKnownFileType = sourcecode.c.objc; path = AppDelegate.m; sourceTree = "<group>"; };
		6E3786A318F971E40034F9DE /* Images.xcassets */ = {isa = PBXFileReference; lastKnownFileType = folder.assetcatalog; path = Images.xcassets; sourceTree = "<group>"; };
		6E3786A918F971E50034F9DE /* iBeaconSamplePeripheralTests.xctest */ = {isa = PBXFileReference; explicitFileType = wrapper.cfbundle; includeInIndex = 0; path = iBeaconSamplePeripheralTests.xctest; sourceTree = BUILT_PRODUCTS_DIR; };
		6E3786AA18F971E50034F9DE /* XCTest.framework */ = {isa = PBXFileReference; lastKnownFileType = wrapper.framework; name = XCTest.framework; path = Library/Frameworks/XCTest.framework; sourceTree = DEVELOPER_DIR; };
		6E3786B218F971E50034F9DE /* BeaconPeripheralTests-Info.plist */ = {isa = PBXFileReference; lastKnownFileType = text.plist.xml; path = "BeaconPeripheralTests-Info.plist"; sourceTree = "<group>"; };
		6E3786B418F971E50034F9DE /* en */ = {isa = PBXFileReference; lastKnownFileType = text.plist.strings; name = en; path = en.lproj/InfoPlist.strings; sourceTree = "<group>"; };
		6E3786B618F971E50034F9DE /* BeaconPeripheralTests.m */ = {isa = PBXFileReference; lastKnownFileType = sourcecode.c.objc; path = BeaconPeripheralTests.m; sourceTree = "<group>"; };
		6E3786C018F9724F0034F9DE /* ViewController.h */ = {isa = PBXFileReference; fileEncoding = 4; lastKnownFileType = sourcecode.c.h; path = ViewController.h; sourceTree = "<group>"; };
		6E3786C118F9724F0034F9DE /* ViewController.m */ = {isa = PBXFileReference; fileEncoding = 4; lastKnownFileType = sourcecode.c.objc; path = ViewController.m; sourceTree = "<group>"; };
		6E3786C218F9724F0034F9DE /* ViewController.xib */ = {isa = PBXFileReference; fileEncoding = 4; lastKnownFileType = file.xib; path = ViewController.xib; sourceTree = "<group>"; };
		6E3786C518F972740034F9DE /* CoreLocation.framework */ = {isa = PBXFileReference; lastKnownFileType = wrapper.framework; name = CoreLocation.framework; path = System/Library/Frameworks/CoreLocation.framework; sourceTree = SDKROOT; };
		6E3786C718F9727D0034F9DE /* CoreBluetooth.framework */ = {isa = PBXFileReference; lastKnownFileType = wrapper.framework; name = CoreBluetooth.framework; path = System/Library/Frameworks/CoreBluetooth.framework; sourceTree = SDKROOT; };
		6EAA519E1A235C2E00028B09 /* Icon-40.png */ = {isa = PBXFileReference; lastKnownFileType = image.png; path = "Icon-40.png"; sourceTree = "<group>"; };
		6EAA519F1A235C2E00028B09 /* Icon-40@2x.png */ = {isa = PBXFileReference; lastKnownFileType = image.png; path = "Icon-40@2x.png"; sourceTree = "<group>"; };
		6EAA51A01A235C2E00028B09 /* Icon-60@2x.png */ = {isa = PBXFileReference; lastKnownFileType = image.png; path = "Icon-60@2x.png"; sourceTree = "<group>"; };
		6EAA51A11A235C2E00028B09 /* Icon-60@3x.png */ = {isa = PBXFileReference; lastKnownFileType = image.png; path = "Icon-60@3x.png"; sourceTree = "<group>"; };
		6EAA51A21A235C2E00028B09 /* Icon-76.png */ = {isa = PBXFileReference; lastKnownFileType = image.png; path = "Icon-76.png"; sourceTree = "<group>"; };
		6EAA51A31A235C2E00028B09 /* Icon-76@2x.png */ = {isa = PBXFileReference; lastKnownFileType = image.png; path = "Icon-76@2x.png"; sourceTree = "<group>"; };
		6EAA51A41A235C2E00028B09 /* Icon-Small.png */ = {isa = PBXFileReference; lastKnownFileType = image.png; path = "Icon-Small.png"; sourceTree = "<group>"; };
		6EAA51A51A235C2E00028B09 /* Icon-Small@2x.png */ = {isa = PBXFileReference; lastKnownFileType = image.png; path = "Icon-Small@2x.png"; sourceTree = "<group>"; };
		6EAA51A61A235C2E00028B09 /* Icon-Small@3x.png */ = {isa = PBXFileReference; lastKnownFileType = image.png; path = "Icon-Small@3x.png"; sourceTree = "<group>"; };
/* End PBXFileReference section */

/* Begin PBXFrameworksBuildPhase section */
		6E37868B18F971E40034F9DE /* Frameworks */ = {
			isa = PBXFrameworksBuildPhase;
			buildActionMask = 2147483647;
			files = (
				6E3786C818F9727D0034F9DE /* CoreBluetooth.framework in Frameworks */,
				6E3786C618F972740034F9DE /* CoreLocation.framework in Frameworks */,
				6E37869418F971E40034F9DE /* CoreGraphics.framework in Frameworks */,
				6E37869618F971E40034F9DE /* UIKit.framework in Frameworks */,
				6E37869218F971E40034F9DE /* Foundation.framework in Frameworks */,
			);
			runOnlyForDeploymentPostprocessing = 0;
		};
		6E3786A618F971E50034F9DE /* Frameworks */ = {
			isa = PBXFrameworksBuildPhase;
			buildActionMask = 2147483647;
			files = (
				6E3786AB18F971E50034F9DE /* XCTest.framework in Frameworks */,
				6E3786AD18F971E50034F9DE /* UIKit.framework in Frameworks */,
				6E3786AC18F971E50034F9DE /* Foundation.framework in Frameworks */,
			);
			runOnlyForDeploymentPostprocessing = 0;
		};
/* End PBXFrameworksBuildPhase section */

/* Begin PBXGroup section */
		6E37868518F971E40034F9DE = {
			isa = PBXGroup;
			children = (
				6E37869718F971E40034F9DE /* BeaconPeripheral */,
				6E3786B018F971E50034F9DE /* BeaconPeripheralTests */,
				6E37869018F971E40034F9DE /* Frameworks */,
				6E37868F18F971E40034F9DE /* Products */,
			);
			sourceTree = "<group>";
		};
		6E37868F18F971E40034F9DE /* Products */ = {
			isa = PBXGroup;
			children = (
				6E37868E18F971E40034F9DE /* iBeaconSamplePeripheral.app */,
				6E3786A918F971E50034F9DE /* iBeaconSamplePeripheralTests.xctest */,
			);
			name = Products;
			sourceTree = "<group>";
		};
		6E37869018F971E40034F9DE /* Frameworks */ = {
			isa = PBXGroup;
			children = (
				6E3786C718F9727D0034F9DE /* CoreBluetooth.framework */,
				6E3786C518F972740034F9DE /* CoreLocation.framework */,
				6E37869118F971E40034F9DE /* Foundation.framework */,
				6E37869318F971E40034F9DE /* CoreGraphics.framework */,
				6E37869518F971E40034F9DE /* UIKit.framework */,
				6E3786AA18F971E50034F9DE /* XCTest.framework */,
			);
			name = Frameworks;
			sourceTree = "<group>";
		};
		6E37869718F971E40034F9DE /* BeaconPeripheral */ = {
			isa = PBXGroup;
			children = (
				6E3786C018F9724F0034F9DE /* ViewController.h */,
				6E3786C118F9724F0034F9DE /* ViewController.m */,
				6E3786C218F9724F0034F9DE /* ViewController.xib */,
				6E3786A018F971E40034F9DE /* AppDelegate.h */,
				6E3786A118F971E40034F9DE /* AppDelegate.m */,
				6E3786A318F971E40034F9DE /* Images.xcassets */,
				6E37869818F971E40034F9DE /* Supporting Files */,
			);
			path = BeaconPeripheral;
			sourceTree = "<group>";
		};
		6E37869818F971E40034F9DE /* Supporting Files */ = {
			isa = PBXGroup;
			children = (
				6EAA519D1A235C1400028B09 /* Resource */,
				6E37869918F971E40034F9DE /* iBeaconSamplePeripheral-Info.plist */,
				6E37869A18F971E40034F9DE /* InfoPlist.strings */,
				6E37869D18F971E40034F9DE /* main.m */,
				6E37869F18F971E40034F9DE /* iBeaconSamplePeripheral-Prefix.pch */,
			);
			name = "Supporting Files";
			sourceTree = "<group>";
		};
		6E3786B018F971E50034F9DE /* BeaconPeripheralTests */ = {
			isa = PBXGroup;
			children = (
				6E3786B618F971E50034F9DE /* BeaconPeripheralTests.m */,
				6E3786B118F971E50034F9DE /* Supporting Files */,
			);
			path = BeaconPeripheralTests;
			sourceTree = "<group>";
		};
		6E3786B118F971E50034F9DE /* Supporting Files */ = {
			isa = PBXGroup;
			children = (
				6E3786B218F971E50034F9DE /* BeaconPeripheralTests-Info.plist */,
				6E3786B318F971E50034F9DE /* InfoPlist.strings */,
			);
			name = "Supporting Files";
			sourceTree = "<group>";
		};
		6EAA519D1A235C1400028B09 /* Resource */ = {
			isa = PBXGroup;
			children = (
				6EAA519E1A235C2E00028B09 /* Icon-40.png */,
				6EAA519F1A235C2E00028B09 /* Icon-40@2x.png */,
				6EAA51A01A235C2E00028B09 /* Icon-60@2x.png */,
				6EAA51A11A235C2E00028B09 /* Icon-60@3x.png */,
				6EAA51A21A235C2E00028B09 /* Icon-76.png */,
				6EAA51A31A235C2E00028B09 /* Icon-76@2x.png */,
				6EAA51A41A235C2E00028B09 /* Icon-Small.png */,
				6EAA51A51A235C2E00028B09 /* Icon-Small@2x.png */,
				6EAA51A61A235C2E00028B09 /* Icon-Small@3x.png */,
			);
			path = Resource;
			sourceTree = "<group>";
		};
/* End PBXGroup section */

/* Begin PBXNativeTarget section */
		6E37868D18F971E40034F9DE /* iBeaconSamplePeripheral */ = {
			isa = PBXNativeTarget;
			buildConfigurationList = 6E3786BA18F971E50034F9DE /* Build configuration list for PBXNativeTarget "iBeaconSamplePeripheral" */;
			buildPhases = (
				6E37868A18F971E40034F9DE /* Sources */,
				6E37868B18F971E40034F9DE /* Frameworks */,
				6E37868C18F971E40034F9DE /* Resources */,
			);
			buildRules = (
			);
			dependencies = (
			);
			name = iBeaconSamplePeripheral;
			productName = BeaconPeripheral;
			productReference = 6E37868E18F971E40034F9DE /* iBeaconSamplePeripheral.app */;
			productType = "com.apple.product-type.application";
		};
		6E3786A818F971E50034F9DE /* iBeaconSamplePeripheralTests */ = {
			isa = PBXNativeTarget;
			buildConfigurationList = 6E3786BD18F971E50034F9DE /* Build configuration list for PBXNativeTarget "iBeaconSamplePeripheralTests" */;
			buildPhases = (
				6E3786A518F971E50034F9DE /* Sources */,
				6E3786A618F971E50034F9DE /* Frameworks */,
				6E3786A718F971E50034F9DE /* Resources */,
			);
			buildRules = (
			);
			dependencies = (
				6E3786AF18F971E50034F9DE /* PBXTargetDependency */,
			);
			name = iBeaconSamplePeripheralTests;
			productName = BeaconPeripheralTests;
			productReference = 6E3786A918F971E50034F9DE /* iBeaconSamplePeripheralTests.xctest */;
			productType = "com.apple.product-type.bundle.unit-test";
		};
/* End PBXNativeTarget section */

/* Begin PBXProject section */
		6E37868618F971E40034F9DE /* Project object */ = {
			isa = PBXProject;
			attributes = {
				LastUpgradeCheck = 0510;
				ORGANIZATIONNAME = grandbig.github.io;
				TargetAttributes = {
					6E37868D18F971E40034F9DE = {
						DevelopmentTeam = 6J4XG67E62;
					};
					6E3786A818F971E50034F9DE = {
						TestTargetID = 6E37868D18F971E40034F9DE;
					};
				};
			};
			buildConfigurationList = 6E37868918F971E40034F9DE /* Build configuration list for PBXProject "iBeaconSamplePeripheral" */;
			compatibilityVersion = "Xcode 3.2";
			developmentRegion = English;
			hasScannedForEncodings = 0;
			knownRegions = (
				en,
			);
			mainGroup = 6E37868518F971E40034F9DE;
			productRefGroup = 6E37868F18F971E40034F9DE /* Products */;
			projectDirPath = "";
			projectRoot = "";
			targets = (
				6E37868D18F971E40034F9DE /* iBeaconSamplePeripheral */,
				6E3786A818F971E50034F9DE /* iBeaconSamplePeripheralTests */,
			);
		};
/* End PBXProject section */

/* Begin PBXResourcesBuildPhase section */
		6E37868C18F971E40034F9DE /* Resources */ = {
			isa = PBXResourcesBuildPhase;
			buildActionMask = 2147483647;
			files = (
				6EAA51A71A235C2E00028B09 /* Icon-40.png in Resources */,
				6EAA51AC1A235C2E00028B09 /* Icon-76@2x.png in Resources */,
				6EAA51AB1A235C2E00028B09 /* Icon-76.png in Resources */,
				6E37869C18F971E40034F9DE /* InfoPlist.strings in Resources */,
				6E3786C418F9724F0034F9DE /* ViewController.xib in Resources */,
				6E3786A418F971E40034F9DE /* Images.xcassets in Resources */,
				6EAA51AF1A235C2E00028B09 /* Icon-Small@3x.png in Resources */,
				6EAA51AA1A235C2E00028B09 /* Icon-60@3x.png in Resources */,
				6EAA51A81A235C2E00028B09 /* Icon-40@2x.png in Resources */,
				6EAA51AD1A235C2E00028B09 /* Icon-Small.png in Resources */,
				6EAA51A91A235C2E00028B09 /* Icon-60@2x.png in Resources */,
				6EAA51AE1A235C2E00028B09 /* Icon-Small@2x.png in Resources */,
			);
			runOnlyForDeploymentPostprocessing = 0;
		};
		6E3786A718F971E50034F9DE /* Resources */ = {
			isa = PBXResourcesBuildPhase;
			buildActionMask = 2147483647;
			files = (
				6E3786B518F971E50034F9DE /* InfoPlist.strings in Resources */,
			);
			runOnlyForDeploymentPostprocessing = 0;
		};
/* End PBXResourcesBuildPhase section */

/* Begin PBXSourcesBuildPhase section */
		6E37868A18F971E40034F9DE /* Sources */ = {
			isa = PBXSourcesBuildPhase;
			buildActionMask = 2147483647;
			files = (
				6E3786C318F9724F0034F9DE /* ViewController.m in Sources */,
				6E3786A218F971E40034F9DE /* AppDelegate.m in Sources */,
				6E37869E18F971E40034F9DE /* main.m in Sources */,
			);
			runOnlyForDeploymentPostprocessing = 0;
		};
		6E3786A518F971E50034F9DE /* Sources */ = {
			isa = PBXSourcesBuildPhase;
			buildActionMask = 2147483647;
			files = (
				6E3786B718F971E50034F9DE /* BeaconPeripheralTests.m in Sources */,
			);
			runOnlyForDeploymentPostprocessing = 0;
		};
/* End PBXSourcesBuildPhase section */

/* Begin PBXTargetDependency section */
		6E3786AF18F971E50034F9DE /* PBXTargetDependency */ = {
			isa = PBXTargetDependency;
			target = 6E37868D18F971E40034F9DE /* iBeaconSamplePeripheral */;
			targetProxy = 6E3786AE18F971E50034F9DE /* PBXContainerItemProxy */;
		};
/* End PBXTargetDependency section */

/* Begin PBXVariantGroup section */
		6E37869A18F971E40034F9DE /* InfoPlist.strings */ = {
			isa = PBXVariantGroup;
			children = (
				6E37869B18F971E40034F9DE /* en */,
			);
			name = InfoPlist.strings;
			sourceTree = "<group>";
		};
		6E3786B318F971E50034F9DE /* InfoPlist.strings */ = {
			isa = PBXVariantGroup;
			children = (
				6E3786B418F971E50034F9DE /* en */,
			);
			name = InfoPlist.strings;
			sourceTree = "<group>";
		};
/* End PBXVariantGroup section */

/* Begin XCBuildConfiguration section */
		6E3786B818F971E50034F9DE /* Debug */ = {
			isa = XCBuildConfiguration;
			buildSettings = {
				ALWAYS_SEARCH_USER_PATHS = NO;
				CLANG_CXX_LANGUAGE_STANDARD = "gnu++0x";
				CLANG_CXX_LIBRARY = "libc++";
				CLANG_ENABLE_MODULES = YES;
				CLANG_ENABLE_OBJC_ARC = YES;
				CLANG_WARN_BOOL_CONVERSION = YES;
				CLANG_WARN_CONSTANT_CONVERSION = YES;
				CLANG_WARN_DIRECT_OBJC_ISA_USAGE = YES_ERROR;
				CLANG_WARN_EMPTY_BODY = YES;
				CLANG_WARN_ENUM_CONVERSION = YES;
				CLANG_WARN_INT_CONVERSION = YES;
				CLANG_WARN_OBJC_ROOT_CLASS = YES_ERROR;
				CLANG_WARN__DUPLICATE_METHOD_MATCH = YES;
				"CODE_SIGN_IDENTITY[sdk=iphoneos*]" = "iPhone Developer";
				COPY_PHASE_STRIP = NO;
				GCC_C_LANGUAGE_STANDARD = gnu99;
				GCC_DYNAMIC_NO_PIC = NO;
				GCC_OPTIMIZATION_LEVEL = 0;
				GCC_PREPROCESSOR_DEFINITIONS = (
					"DEBUG=1",
					"$(inherited)",
				);
				GCC_SYMBOLS_PRIVATE_EXTERN = NO;
				GCC_WARN_64_TO_32_BIT_CONVERSION = YES;
				GCC_WARN_ABOUT_RETURN_TYPE = YES_ERROR;
				GCC_WARN_UNDECLARED_SELECTOR = YES;
				GCC_WARN_UNINITIALIZED_AUTOS = YES_AGGRESSIVE;
				GCC_WARN_UNUSED_FUNCTION = YES;
				GCC_WARN_UNUSED_VARIABLE = YES;
				IPHONEOS_DEPLOYMENT_TARGET = 7.1;
				ONLY_ACTIVE_ARCH = YES;
				SDKROOT = iphoneos;
				TARGETED_DEVICE_FAMILY = "1,2";
			};
			name = Debug;
		};
		6E3786B918F971E50034F9DE /* Release */ = {
			isa = XCBuildConfiguration;
			buildSettings = {
				ALWAYS_SEARCH_USER_PATHS = NO;
				CLANG_CXX_LANGUAGE_STANDARD = "gnu++0x";
				CLANG_CXX_LIBRARY = "libc++";
				CLANG_ENABLE_MODULES = YES;
				CLANG_ENABLE_OBJC_ARC = YES;
				CLANG_WARN_BOOL_CONVERSION = YES;
				CLANG_WARN_CONSTANT_CONVERSION = YES;
				CLANG_WARN_DIRECT_OBJC_ISA_USAGE = YES_ERROR;
				CLANG_WARN_EMPTY_BODY = YES;
				CLANG_WARN_ENUM_CONVERSION = YES;
				CLANG_WARN_INT_CONVERSION = YES;
				CLANG_WARN_OBJC_ROOT_CLASS = YES_ERROR;
				CLANG_WARN__DUPLICATE_METHOD_MATCH = YES;
				"CODE_SIGN_IDENTITY[sdk=iphoneos*]" = "iPhone Developer";
				COPY_PHASE_STRIP = YES;
				ENABLE_NS_ASSERTIONS = NO;
				GCC_C_LANGUAGE_STANDARD = gnu99;
				GCC_WARN_64_TO_32_BIT_CONVERSION = YES;
				GCC_WARN_ABOUT_RETURN_TYPE = YES_ERROR;
				GCC_WARN_UNDECLARED_SELECTOR = YES;
				GCC_WARN_UNINITIALIZED_AUTOS = YES_AGGRESSIVE;
				GCC_WARN_UNUSED_FUNCTION = YES;
				GCC_WARN_UNUSED_VARIABLE = YES;
				IPHONEOS_DEPLOYMENT_TARGET = 7.1;
				SDKROOT = iphoneos;
				TARGETED_DEVICE_FAMILY = "1,2";
				VALIDATE_PRODUCT = YES;
			};
			name = Release;
		};
		6E3786BB18F971E50034F9DE /* Debug */ = {
			isa = XCBuildConfiguration;
			buildSettings = {
				ASSETCATALOG_COMPILER_APPICON_NAME = AppIcon;
				ASSETCATALOG_COMPILER_LAUNCHIMAGE_NAME = LaunchImage;
				CODE_SIGN_IDENTITY = "iPhone Developer";
				"CODE_SIGN_IDENTITY[sdk=iphoneos*]" = "iPhone Developer";
				GCC_PRECOMPILE_PREFIX_HEADER = YES;
				GCC_PREFIX_HEADER = "BeaconPeripheral/iBeaconSamplePeripheral-Prefix.pch";
				INFOPLIST_FILE = "$(SRCROOT)/BeaconPeripheral/iBeaconSamplePeripheral-Info.plist";
				PRODUCT_NAME = iBeaconSamplePeripheral;
				PROVISIONING_PROFILE = "";
				WRAPPER_EXTENSION = app;
			};
			name = Debug;
		};
		6E3786BC18F971E50034F9DE /* Release */ = {
			isa = XCBuildConfiguration;
			buildSettings = {
				ASSETCATALOG_COMPILER_APPICON_NAME = AppIcon;
				ASSETCATALOG_COMPILER_LAUNCHIMAGE_NAME = LaunchImage;
				CODE_SIGN_IDENTITY = "iPhone Developer";
				"CODE_SIGN_IDENTITY[sdk=iphoneos*]" = "iPhone Developer";
				GCC_PRECOMPILE_PREFIX_HEADER = YES;
				GCC_PREFIX_HEADER = "BeaconPeripheral/iBeaconSamplePeripheral-Prefix.pch";
				INFOPLIST_FILE = "$(SRCROOT)/BeaconPeripheral/iBeaconSamplePeripheral-Info.plist";
				PRODUCT_NAME = iBeaconSamplePeripheral;
				PROVISIONING_PROFILE = "";
				WRAPPER_EXTENSION = app;
			};
			name = Release;
		};
		6E3786BE18F971E50034F9DE /* Debug */ = {
			isa = XCBuildConfiguration;
			buildSettings = {
				BUNDLE_LOADER = "$(BUILT_PRODUCTS_DIR)/BeaconPeripheral.app/BeaconPeripheral";
				FRAMEWORK_SEARCH_PATHS = (
					"$(SDKROOT)/Developer/Library/Frameworks",
					"$(inherited)",
					"$(DEVELOPER_FRAMEWORKS_DIR)",
				);
				GCC_PRECOMPILE_PREFIX_HEADER = YES;
				GCC_PREFIX_HEADER = "BeaconPeripheral/BeaconPeripheral-Prefix.pch";
				GCC_PREPROCESSOR_DEFINITIONS = (
					"DEBUG=1",
					"$(inherited)",
				);
				INFOPLIST_FILE = "BeaconPeripheralTests/BeaconPeripheralTests-Info.plist";
				PRODUCT_NAME = iBeaconSamplePeripheralTests;
				TEST_HOST = "$(BUNDLE_LOADER)";
				WRAPPER_EXTENSION = xctest;
			};
			name = Debug;
		};
		6E3786BF18F971E50034F9DE /* Release */ = {
			isa = XCBuildConfiguration;
			buildSettings = {
				BUNDLE_LOADER = "$(BUILT_PRODUCTS_DIR)/BeaconPeripheral.app/BeaconPeripheral";
				FRAMEWORK_SEARCH_PATHS = (
					"$(SDKROOT)/Developer/Library/Frameworks",
					"$(inherited)",
					"$(DEVELOPER_FRAMEWORKS_DIR)",
				);
				GCC_PRECOMPILE_PREFIX_HEADER = YES;
				GCC_PREFIX_HEADER = "BeaconPeripheral/BeaconPeripheral-Prefix.pch";
				INFOPLIST_FILE = "BeaconPeripheralTests/BeaconPeripheralTests-Info.plist";
				PRODUCT_NAME = iBeaconSamplePeripheralTests;
				TEST_HOST = "$(BUNDLE_LOADER)";
				WRAPPER_EXTENSION = xctest;
			};
			name = Release;
		};
/* End XCBuildConfiguration section */

/* Begin XCConfigurationList section */
		6E37868918F971E40034F9DE /* Build configuration list for PBXProject "iBeaconSamplePeripheral" */ = {
			isa = XCConfigurationList;
			buildConfigurations = (
				6E3786B818F971E50034F9DE /* Debug */,
				6E3786B918F971E50034F9DE /* Release */,
			);
			defaultConfigurationIsVisible = 0;
			defaultConfigurationName = Release;
		};
		6E3786BA18F971E50034F9DE /* Build configuration list for PBXNativeTarget "iBeaconSamplePeripheral" */ = {
			isa = XCConfigurationList;
			buildConfigurations = (
				6E3786BB18F971E50034F9DE /* Debug */,
				6E3786BC18F971E50034F9DE /* Release */,
			);
			defaultConfigurationIsVisible = 0;
			defaultConfigurationName = Release;
		};
		6E3786BD18F971E50034F9DE /* Build configuration list for PBXNativeTarget "iBeaconSamplePeripheralTests" */ = {
			isa = XCConfigurationList;
			buildConfigurations = (
				6E3786BE18F971E50034F9DE /* Debug */,
				6E3786BF18F971E50034F9DE /* Release */,
			);
			defaultConfigurationIsVisible = 0;
			defaultConfigurationName = Release;
		};
/* End XCConfigurationList section */
	};
	rootObject = 6E37868618F971E40034F9DE /* Project object */;
}
